
Microsoft Visual Studio Solution File, Format Version 12.00
# Visual Studio 15
VisualStudioVersion = 15.0.26730.12
MinimumVisualStudioVersion = 10.0.40219.1
Project("{FAE04EC0-301F-11D3-BF4B-00C04F79EFBC}") = "HashTable_Chaining", "HashTable_Chaining\HashTable_Chaining.csproj", "{F5203A7F-CD6D-45F7-84F9-8988F5DA2BB9}"
EndProject
Global
	GlobalSection(SolutionConfigurationPlatforms) = preSolution
		Debug|Any CPU = Debug|Any CPU
		Release|Any CPU = Release|Any CPU
	EndGlobalSection
	GlobalSection(ProjectConfigurationPlatforms) = postSolution
		{F5203A7F-CD6D-45F7-84F9-8988F5DA2BB9}.Debug|Any CPU.ActiveCfg = Debug|Any CPU
		{F5203A7F-CD6D-45F7-84F9-8988F5DA2BB9}.Debug|Any CPU.Build.0 = Debug|Any CPU
		{F5203A7F-CD6D-45F7-84F9-8988F5DA2BB9}.Release|Any CPU.ActiveCfg = Release|Any CPU
		{F5203A7F-CD6D-45F7-84F9-8988F5DA2BB9}.Release|Any CPU.Build.0 = Release|Any CPU
	EndGlobalSection
	GlobalSection(SolutionProperties) = preSolution
		HideSolutionNode = FALSE
	EndGlobalSection
	GlobalSection(ExtensibilityGlobals) = postSolution
		SolutionGuid = {444C60FC-D5E7-4163-964D-245B422A69BB}
	EndGlobalSection
EndGlobal
